// !$*UTF8*$!
{
	archiveVersion = 1;
	classes = {
	};
	objectVersion = 46;
	objects = {

/* Begin PBXBuildFile section */
		876DAA15C1F59F11A9E5CCC4 /* Pods.framework in Frameworks */ = {isa = PBXBuildFile; fileRef = 682F773AF636FAC56067CF0D /* Pods.framework */; settings = {ATTRIBUTES = (Weak, ); }; };
		A723A7061A8639AC00E992E8 /* Category+Extras.swift in Sources */ = {isa = PBXBuildFile; fileRef = A723A7051A8639AC00E992E8 /* Category+Extras.swift */; };
		A77DC99F1A862BDB0041A760 /* NSManagedObjectContext+misc.m in Sources */ = {isa = PBXBuildFile; fileRef = A77DC99E1A862BDB0041A760 /* NSManagedObjectContext+misc.m */; };
		A77DC9A01A862BDB0041A760 /* NSManagedObjectContext+misc.m in Sources */ = {isa = PBXBuildFile; fileRef = A77DC99E1A862BDB0041A760 /* NSManagedObjectContext+misc.m */; };
		A7A2661E1A866771002EDABA /* Cat+Extras.swift in Sources */ = {isa = PBXBuildFile; fileRef = A7A2661D1A866771002EDABA /* Cat+Extras.swift */; };
		A7A266201A866A46002EDABA /* Favourite+Extras.swift in Sources */ = {isa = PBXBuildFile; fileRef = A7A2661F1A866A46002EDABA /* Favourite+Extras.swift */; };
		A7A266221A866E10002EDABA /* FavouriteController.swift in Sources */ = {isa = PBXBuildFile; fileRef = A7A266211A866E10002EDABA /* FavouriteController.swift */; };
		A7A266241A8677C4002EDABA /* BinaryData+Extras.swift in Sources */ = {isa = PBXBuildFile; fileRef = A7A266231A8677C4002EDABA /* BinaryData+Extras.swift */; };
		A7A266261A867B9F002EDABA /* FavouriteCell.swift in Sources */ = {isa = PBXBuildFile; fileRef = A7A266251A867B9F002EDABA /* FavouriteCell.swift */; };
		A7C84DFB1A854C690029FD7D /* CategoryModel.swift in Sources */ = {isa = PBXBuildFile; fileRef = A7C84DFA1A854C690029FD7D /* CategoryModel.swift */; };
		A7C84DFD1A854CCF0029FD7D /* CategoryParserDelegate.swift in Sources */ = {isa = PBXBuildFile; fileRef = A7C84DFC1A854CCF0029FD7D /* CategoryParserDelegate.swift */; };
		A7C84DFE1A8552280029FD7D /* CategoryParserDelegate.swift in Sources */ = {isa = PBXBuildFile; fileRef = A7C84DFC1A854CCF0029FD7D /* CategoryParserDelegate.swift */; };
		A7C84DFF1A8553980029FD7D /* CategoryModel.swift in Sources */ = {isa = PBXBuildFile; fileRef = A7C84DFA1A854C690029FD7D /* CategoryModel.swift */; };
		A7C84E011A8556D90029FD7D /* ifNotNil.swift in Sources */ = {isa = PBXBuildFile; fileRef = A7C84E001A8556D90029FD7D /* ifNotNil.swift */; };
		A7C84E021A85570E0029FD7D /* ifNotNil.swift in Sources */ = {isa = PBXBuildFile; fileRef = A7C84E001A8556D90029FD7D /* ifNotNil.swift */; };
		A7CC95671A84EE89001C764D /* CatModel.swift in Sources */ = {isa = PBXBuildFile; fileRef = A7CC95661A84EE89001C764D /* CatModel.swift */; };
		A7CC956A1A84F0E9001C764D /* CatParserDelegate.swift in Sources */ = {isa = PBXBuildFile; fileRef = A7CC95691A84F0E9001C764D /* CatParserDelegate.swift */; };
		A7CC956C1A84FCED001C764D /* CatParserDelegate.swift in Sources */ = {isa = PBXBuildFile; fileRef = A7CC95691A84F0E9001C764D /* CatParserDelegate.swift */; };
		A7CC956D1A84FCF3001C764D /* CatModel.swift in Sources */ = {isa = PBXBuildFile; fileRef = A7CC95661A84EE89001C764D /* CatModel.swift */; };
		A7CC956F1A85184C001C764D /* Stack.swift in Sources */ = {isa = PBXBuildFile; fileRef = A7CC956E1A85184C001C764D /* Stack.swift */; };
		A7CC95701A851A22001C764D /* Stack.swift in Sources */ = {isa = PBXBuildFile; fileRef = A7CC956E1A85184C001C764D /* Stack.swift */; };
		EFAB22D21A820DFA00F20DB5 /* AppDelegate.swift in Sources */ = {isa = PBXBuildFile; fileRef = EFAB22D11A820DFA00F20DB5 /* AppDelegate.swift */; };
		EFAB22D51A820DFA00F20DB5 /* CatViewer.xcdatamodeld in Sources */ = {isa = PBXBuildFile; fileRef = EFAB22D31A820DFA00F20DB5 /* CatViewer.xcdatamodeld */; };
		EFAB22DA1A820DFA00F20DB5 /* Main.storyboard in Resources */ = {isa = PBXBuildFile; fileRef = EFAB22D81A820DFA00F20DB5 /* Main.storyboard */; };
		EFAB22DC1A820DFA00F20DB5 /* Images.xcassets in Resources */ = {isa = PBXBuildFile; fileRef = EFAB22DB1A820DFA00F20DB5 /* Images.xcassets */; };
		EFAB22DF1A820DFA00F20DB5 /* LaunchScreen.xib in Resources */ = {isa = PBXBuildFile; fileRef = EFAB22DD1A820DFA00F20DB5 /* LaunchScreen.xib */; };
		EFAB22EB1A820DFA00F20DB5 /* CatViewerTests.swift in Sources */ = {isa = PBXBuildFile; fileRef = EFAB22EA1A820DFA00F20DB5 /* CatViewerTests.swift */; };
		EFAB22F51A8260B600F20DB5 /* CatController.swift in Sources */ = {isa = PBXBuildFile; fileRef = EFAB22F41A8260B600F20DB5 /* CatController.swift */; };
		EFAB22F81A826A7A00F20DB5 /* Category.swift in Sources */ = {isa = PBXBuildFile; fileRef = EFAB22F71A826A7A00F20DB5 /* Category.swift */; };
		EFAB22FA1A826A7A00F20DB5 /* BinaryData.swift in Sources */ = {isa = PBXBuildFile; fileRef = EFAB22F91A826A7A00F20DB5 /* BinaryData.swift */; };
		EFAB22FC1A826A7B00F20DB5 /* Rate.swift in Sources */ = {isa = PBXBuildFile; fileRef = EFAB22FB1A826A7B00F20DB5 /* Rate.swift */; };
		EFAB22FE1A826A7B00F20DB5 /* Favourite.swift in Sources */ = {isa = PBXBuildFile; fileRef = EFAB22FD1A826A7B00F20DB5 /* Favourite.swift */; };
		EFAB23001A826A7B00F20DB5 /* Cat.swift in Sources */ = {isa = PBXBuildFile; fileRef = EFAB22FF1A826A7B00F20DB5 /* Cat.swift */; };
		EFAB23061A82780E00F20DB5 /* Alamofire.swift in Sources */ = {isa = PBXBuildFile; fileRef = EFAB23051A82780E00F20DB5 /* Alamofire.swift */; };
/* End PBXBuildFile section */

/* Begin PBXContainerItemProxy section */
		EFAB22E51A820DFA00F20DB5 /* PBXContainerItemProxy */ = {
			isa = PBXContainerItemProxy;
			containerPortal = EFAB22C41A820DFA00F20DB5 /* Project object */;
			proxyType = 1;
			remoteGlobalIDString = EFAB22CB1A820DFA00F20DB5;
			remoteInfo = CatViewer;
		};
/* End PBXContainerItemProxy section */

/* Begin PBXFileReference section */
		682F773AF636FAC56067CF0D /* Pods.framework */ = {isa = PBXFileReference; explicitFileType = wrapper.framework; includeInIndex = 0; path = Pods.framework; sourceTree = BUILT_PRODUCTS_DIR; };
		A723A7051A8639AC00E992E8 /* Category+Extras.swift */ = {isa = PBXFileReference; fileEncoding = 4; lastKnownFileType = sourcecode.swift; name = "Category+Extras.swift"; path = "CoreData/Category+Extras.swift"; sourceTree = "<group>"; };
		A77DC99D1A862BDB0041A760 /* NSManagedObjectContext+misc.h */ = {isa = PBXFileReference; fileEncoding = 4; lastKnownFileType = sourcecode.c.h; name = "NSManagedObjectContext+misc.h"; path = "CoreData/NSManagedObjectContext+misc.h"; sourceTree = "<group>"; };
		A77DC99E1A862BDB0041A760 /* NSManagedObjectContext+misc.m */ = {isa = PBXFileReference; fileEncoding = 4; lastKnownFileType = sourcecode.c.objc; name = "NSManagedObjectContext+misc.m"; path = "CoreData/NSManagedObjectContext+misc.m"; sourceTree = "<group>"; };
		A77DC9A21A862DE30041A760 /* CatViewer-Bridging-Header.h */ = {isa = PBXFileReference; lastKnownFileType = sourcecode.c.h; name = "CatViewer-Bridging-Header.h"; path = "CatViewer/CatViewer-Bridging-Header.h"; sourceTree = SOURCE_ROOT; };
		A7A2661D1A866771002EDABA /* Cat+Extras.swift */ = {isa = PBXFileReference; fileEncoding = 4; lastKnownFileType = sourcecode.swift; name = "Cat+Extras.swift"; path = "CoreData/Cat+Extras.swift"; sourceTree = "<group>"; };
		A7A2661F1A866A46002EDABA /* Favourite+Extras.swift */ = {isa = PBXFileReference; fileEncoding = 4; lastKnownFileType = sourcecode.swift; name = "Favourite+Extras.swift"; path = "CoreData/Favourite+Extras.swift"; sourceTree = "<group>"; };
		A7A266211A866E10002EDABA /* FavouriteController.swift */ = {isa = PBXFileReference; fileEncoding = 4; lastKnownFileType = sourcecode.swift; path = FavouriteController.swift; sourceTree = "<group>"; };
		A7A266231A8677C4002EDABA /* BinaryData+Extras.swift */ = {isa = PBXFileReference; fileEncoding = 4; lastKnownFileType = sourcecode.swift; name = "BinaryData+Extras.swift"; path = "CoreData/BinaryData+Extras.swift"; sourceTree = "<group>"; };
		A7A266251A867B9F002EDABA /* FavouriteCell.swift */ = {isa = PBXFileReference; fileEncoding = 4; lastKnownFileType = sourcecode.swift; path = FavouriteCell.swift; sourceTree = "<group>"; };
		A7C84DFA1A854C690029FD7D /* CategoryModel.swift */ = {isa = PBXFileReference; fileEncoding = 4; lastKnownFileType = sourcecode.swift; name = CategoryModel.swift; path = models/CategoryModel.swift; sourceTree = "<group>"; };
		A7C84DFC1A854CCF0029FD7D /* CategoryParserDelegate.swift */ = {isa = PBXFileReference; fileEncoding = 4; lastKnownFileType = sourcecode.swift; name = CategoryParserDelegate.swift; path = xml/CategoryParserDelegate.swift; sourceTree = "<group>"; };
		A7C84E001A8556D90029FD7D /* ifNotNil.swift */ = {isa = PBXFileReference; fileEncoding = 4; lastKnownFileType = sourcecode.swift; path = ifNotNil.swift; sourceTree = "<group>"; };
		A7CC95661A84EE89001C764D /* CatModel.swift */ = {isa = PBXFileReference; fileEncoding = 4; lastKnownFileType = sourcecode.swift; name = CatModel.swift; path = models/CatModel.swift; sourceTree = "<group>"; };
		A7CC95691A84F0E9001C764D /* CatParserDelegate.swift */ = {isa = PBXFileReference; fileEncoding = 4; lastKnownFileType = sourcecode.swift; name = CatParserDelegate.swift; path = xml/CatParserDelegate.swift; sourceTree = "<group>"; };
		A7CC956E1A85184C001C764D /* Stack.swift */ = {isa = PBXFileReference; fileEncoding = 4; lastKnownFileType = sourcecode.swift; name = Stack.swift; path = xml/Stack.swift; sourceTree = "<group>"; };
		C805AD623966189A50ED764D /* Pods.debug.xcconfig */ = {isa = PBXFileReference; includeInIndex = 1; lastKnownFileType = text.xcconfig; name = Pods.debug.xcconfig; path = "Pods/Target Support Files/Pods/Pods.debug.xcconfig"; sourceTree = "<group>"; };
		E361D17F7BC0F75AEC1B2252 /* Pods.release.xcconfig */ = {isa = PBXFileReference; includeInIndex = 1; lastKnownFileType = text.xcconfig; name = Pods.release.xcconfig; path = "Pods/Target Support Files/Pods/Pods.release.xcconfig"; sourceTree = "<group>"; };
		EFAB22CC1A820DFA00F20DB5 /* CatViewer.app */ = {isa = PBXFileReference; explicitFileType = wrapper.application; includeInIndex = 0; path = CatViewer.app; sourceTree = BUILT_PRODUCTS_DIR; };
		EFAB22D01A820DFA00F20DB5 /* Info.plist */ = {isa = PBXFileReference; lastKnownFileType = text.plist.xml; path = Info.plist; sourceTree = "<group>"; };
		EFAB22D11A820DFA00F20DB5 /* AppDelegate.swift */ = {isa = PBXFileReference; lastKnownFileType = sourcecode.swift; path = AppDelegate.swift; sourceTree = "<group>"; };
		EFAB22D41A820DFA00F20DB5 /* CatViewer.xcdatamodel */ = {isa = PBXFileReference; lastKnownFileType = wrapper.xcdatamodel; path = CatViewer.xcdatamodel; sourceTree = "<group>"; };
		EFAB22D91A820DFA00F20DB5 /* Base */ = {isa = PBXFileReference; lastKnownFileType = file.storyboard; name = Base; path = Base.lproj/Main.storyboard; sourceTree = "<group>"; };
		EFAB22DB1A820DFA00F20DB5 /* Images.xcassets */ = {isa = PBXFileReference; lastKnownFileType = folder.assetcatalog; path = Images.xcassets; sourceTree = "<group>"; };
		EFAB22DE1A820DFA00F20DB5 /* Base */ = {isa = PBXFileReference; lastKnownFileType = file.xib; name = Base; path = Base.lproj/LaunchScreen.xib; sourceTree = "<group>"; };
		EFAB22E41A820DFA00F20DB5 /* CatViewerTests.xctest */ = {isa = PBXFileReference; explicitFileType = wrapper.cfbundle; includeInIndex = 0; path = CatViewerTests.xctest; sourceTree = BUILT_PRODUCTS_DIR; };
		EFAB22E91A820DFA00F20DB5 /* Info.plist */ = {isa = PBXFileReference; lastKnownFileType = text.plist.xml; path = Info.plist; sourceTree = "<group>"; };
		EFAB22EA1A820DFA00F20DB5 /* CatViewerTests.swift */ = {isa = PBXFileReference; lastKnownFileType = sourcecode.swift; path = CatViewerTests.swift; sourceTree = "<group>"; };
		EFAB22F41A8260B600F20DB5 /* CatController.swift */ = {isa = PBXFileReference; fileEncoding = 4; lastKnownFileType = sourcecode.swift; path = CatController.swift; sourceTree = "<group>"; };
		EFAB22F71A826A7A00F20DB5 /* Category.swift */ = {isa = PBXFileReference; fileEncoding = 4; lastKnownFileType = sourcecode.swift; name = Category.swift; path = CoreData/Category.swift; sourceTree = "<group>"; };
		EFAB22F91A826A7A00F20DB5 /* BinaryData.swift */ = {isa = PBXFileReference; fileEncoding = 4; lastKnownFileType = sourcecode.swift; name = BinaryData.swift; path = CoreData/BinaryData.swift; sourceTree = "<group>"; };
		EFAB22FB1A826A7B00F20DB5 /* Rate.swift */ = {isa = PBXFileReference; fileEncoding = 4; lastKnownFileType = sourcecode.swift; name = Rate.swift; path = CoreData/Rate.swift; sourceTree = "<group>"; };
		EFAB22FD1A826A7B00F20DB5 /* Favourite.swift */ = {isa = PBXFileReference; fileEncoding = 4; lastKnownFileType = sourcecode.swift; name = Favourite.swift; path = CoreData/Favourite.swift; sourceTree = "<group>"; };
		EFAB22FF1A826A7B00F20DB5 /* Cat.swift */ = {isa = PBXFileReference; fileEncoding = 4; lastKnownFileType = sourcecode.swift; name = Cat.swift; path = CoreData/Cat.swift; sourceTree = "<group>"; };
		EFAB23011A82744F00F20DB5 /* Pods.framework */ = {isa = PBXFileReference; lastKnownFileType = wrapper.framework; name = Pods.framework; path = "Pods/build/Debug-iphoneos/Pods.framework"; sourceTree = "<group>"; };
		EFAB23031A8276BA00F20DB5 /* Alamofire.framework */ = {isa = PBXFileReference; lastKnownFileType = wrapper.framework; name = Alamofire.framework; path = "Pods/build/Debug-iphoneos/Pods/Alamofire.framework"; sourceTree = "<group>"; };
		EFAB23051A82780E00F20DB5 /* Alamofire.swift */ = {isa = PBXFileReference; fileEncoding = 4; lastKnownFileType = sourcecode.swift; path = Alamofire.swift; sourceTree = "<group>"; };
/* End PBXFileReference section */

/* Begin PBXFrameworksBuildPhase section */
		EFAB22C91A820DFA00F20DB5 /* Frameworks */ = {
			isa = PBXFrameworksBuildPhase;
			buildActionMask = 2147483647;
			files = (
				876DAA15C1F59F11A9E5CCC4 /* Pods.framework in Frameworks */,
			);
			runOnlyForDeploymentPostprocessing = 0;
		};
		EFAB22E11A820DFA00F20DB5 /* Frameworks */ = {
			isa = PBXFrameworksBuildPhase;
			buildActionMask = 2147483647;
			files = (
			);
			runOnlyForDeploymentPostprocessing = 0;
		};
/* End PBXFrameworksBuildPhase section */

/* Begin PBXGroup section */
		551F4EF0B3F81F0226721DC6 /* Pods */ = {
			isa = PBXGroup;
			children = (
				C805AD623966189A50ED764D /* Pods.debug.xcconfig */,
				E361D17F7BC0F75AEC1B2252 /* Pods.release.xcconfig */,
			);
			name = Pods;
			sourceTree = "<group>";
		};
		933F1D26E4B2953D2B6CD11F /* Frameworks */ = {
			isa = PBXGroup;
			children = (
				EFAB23031A8276BA00F20DB5 /* Alamofire.framework */,
				EFAB23011A82744F00F20DB5 /* Pods.framework */,
				682F773AF636FAC56067CF0D /* Pods.framework */,
			);
			name = Frameworks;
			sourceTree = "<group>";
		};
		A7CC95681A84F0AF001C764D /* Models */ = {
			isa = PBXGroup;
			children = (
				A7CC95661A84EE89001C764D /* CatModel.swift */,
				A7C84DFA1A854C690029FD7D /* CategoryModel.swift */,
			);
			name = Models;
			sourceTree = "<group>";
		};
		A7CC956B1A84FB32001C764D /* XML */ = {
			isa = PBXGroup;
			children = (
				A7CC95691A84F0E9001C764D /* CatParserDelegate.swift */,
				A7C84DFC1A854CCF0029FD7D /* CategoryParserDelegate.swift */,
				A7CC956E1A85184C001C764D /* Stack.swift */,
			);
			name = XML;
			sourceTree = "<group>";
		};
		EFAB22C31A820DFA00F20DB5 = {
			isa = PBXGroup;
			children = (
				EFAB22CE1A820DFA00F20DB5 /* CatViewer */,
				EFAB22E71A820DFA00F20DB5 /* CatViewerTests */,
				EFAB22CD1A820DFA00F20DB5 /* Products */,
				551F4EF0B3F81F0226721DC6 /* Pods */,
				933F1D26E4B2953D2B6CD11F /* Frameworks */,
			);
			sourceTree = "<group>";
		};
		EFAB22CD1A820DFA00F20DB5 /* Products */ = {
			isa = PBXGroup;
			children = (
				EFAB22CC1A820DFA00F20DB5 /* CatViewer.app */,
				EFAB22E41A820DFA00F20DB5 /* CatViewerTests.xctest */,
			);
			name = Products;
			sourceTree = "<group>";
		};
		EFAB22CE1A820DFA00F20DB5 /* CatViewer */ = {
			isa = PBXGroup;
			children = (
				EFAB22D11A820DFA00F20DB5 /* AppDelegate.swift */,
				A7C84E001A8556D90029FD7D /* ifNotNil.swift */,
				EFAB22D81A820DFA00F20DB5 /* Main.storyboard */,
				EFAB22DB1A820DFA00F20DB5 /* Images.xcassets */,
				EFAB22DD1A820DFA00F20DB5 /* LaunchScreen.xib */,
				EFAB22D31A820DFA00F20DB5 /* CatViewer.xcdatamodeld */,
				EFAB22CF1A820DFA00F20DB5 /* Supporting Files */,
				EFAB22F41A8260B600F20DB5 /* CatController.swift */,
				A7A266211A866E10002EDABA /* FavouriteController.swift */,
				A7A266251A867B9F002EDABA /* FavouriteCell.swift */,
				A7CC95681A84F0AF001C764D /* Models */,
				EFAB22F61A826A3D00F20DB5 /* CoreData */,
				A7CC956B1A84FB32001C764D /* XML */,
			);
			path = CatViewer;
			sourceTree = "<group>";
		};
		EFAB22CF1A820DFA00F20DB5 /* Supporting Files */ = {
			isa = PBXGroup;
			children = (
				EFAB22D01A820DFA00F20DB5 /* Info.plist */,
				A77DC9A21A862DE30041A760 /* CatViewer-Bridging-Header.h */,
			);
			name = "Supporting Files";
			sourceTree = "<group>";
		};
		EFAB22E71A820DFA00F20DB5 /* CatViewerTests */ = {
			isa = PBXGroup;
			children = (
				EFAB23051A82780E00F20DB5 /* Alamofire.swift */,
				EFAB22EA1A820DFA00F20DB5 /* CatViewerTests.swift */,
				EFAB22E81A820DFA00F20DB5 /* Supporting Files */,
			);
			path = CatViewerTests;
			sourceTree = "<group>";
		};
		EFAB22E81A820DFA00F20DB5 /* Supporting Files */ = {
			isa = PBXGroup;
			children = (
				EFAB22E91A820DFA00F20DB5 /* Info.plist */,
			);
			name = "Supporting Files";
			sourceTree = "<group>";
		};
		EFAB22F61A826A3D00F20DB5 /* CoreData */ = {
			isa = PBXGroup;
			children = (
				A77DC99D1A862BDB0041A760 /* NSManagedObjectContext+misc.h */,
				A77DC99E1A862BDB0041A760 /* NSManagedObjectContext+misc.m */,
				EFAB22FF1A826A7B00F20DB5 /* Cat.swift */,
				A7A2661D1A866771002EDABA /* Cat+Extras.swift */,
				EFAB22FD1A826A7B00F20DB5 /* Favourite.swift */,
				A7A2661F1A866A46002EDABA /* Favourite+Extras.swift */,
				EFAB22FB1A826A7B00F20DB5 /* Rate.swift */,
				EFAB22F91A826A7A00F20DB5 /* BinaryData.swift */,
				A7A266231A8677C4002EDABA /* BinaryData+Extras.swift */,
				EFAB22F71A826A7A00F20DB5 /* Category.swift */,
				A723A7051A8639AC00E992E8 /* Category+Extras.swift */,
			);
			name = CoreData;
			sourceTree = "<group>";
		};
/* End PBXGroup section */

/* Begin PBXNativeTarget section */
		EFAB22CB1A820DFA00F20DB5 /* CatViewer */ = {
			isa = PBXNativeTarget;
			buildConfigurationList = EFAB22EE1A820DFA00F20DB5 /* Build configuration list for PBXNativeTarget "CatViewer" */;
			buildPhases = (
				2AF3559C9A82114B1894AD85 /* Check Pods Manifest.lock */,
				EFAB22C81A820DFA00F20DB5 /* Sources */,
				EFAB22C91A820DFA00F20DB5 /* Frameworks */,
				EFAB22CA1A820DFA00F20DB5 /* Resources */,
				66F6C3641D7F91690529C2DE /* Embed Pods Frameworks */,
				D2BD797DB494AA1588314B2C /* Copy Pods Resources */,
			);
			buildRules = (
			);
			dependencies = (
			);
			name = CatViewer;
			productName = CatViewer;
			productReference = EFAB22CC1A820DFA00F20DB5 /* CatViewer.app */;
			productType = "com.apple.product-type.application";
		};
		EFAB22E31A820DFA00F20DB5 /* CatViewerTests */ = {
			isa = PBXNativeTarget;
			buildConfigurationList = EFAB22F11A820DFA00F20DB5 /* Build configuration list for PBXNativeTarget "CatViewerTests" */;
			buildPhases = (
				EFAB22E01A820DFA00F20DB5 /* Sources */,
				EFAB22E11A820DFA00F20DB5 /* Frameworks */,
				EFAB22E21A820DFA00F20DB5 /* Resources */,
			);
			buildRules = (
			);
			dependencies = (
				EFAB22E61A820DFA00F20DB5 /* PBXTargetDependency */,
			);
			name = CatViewerTests;
			productName = CatViewerTests;
			productReference = EFAB22E41A820DFA00F20DB5 /* CatViewerTests.xctest */;
			productType = "com.apple.product-type.bundle.unit-test";
		};
/* End PBXNativeTarget section */

/* Begin PBXProject section */
		EFAB22C41A820DFA00F20DB5 /* Project object */ = {
			isa = PBXProject;
			attributes = {
				LastUpgradeCheck = 0610;
				ORGANIZATIONNAME = ByBDesigns;
				TargetAttributes = {
					EFAB22CB1A820DFA00F20DB5 = {
						CreatedOnToolsVersion = 6.1.1;
					};
					EFAB22E31A820DFA00F20DB5 = {
						CreatedOnToolsVersion = 6.1.1;
						TestTargetID = EFAB22CB1A820DFA00F20DB5;
					};
				};
			};
			buildConfigurationList = EFAB22C71A820DFA00F20DB5 /* Build configuration list for PBXProject "CatViewer" */;
			compatibilityVersion = "Xcode 3.2";
			developmentRegion = English;
			hasScannedForEncodings = 0;
			knownRegions = (
				en,
				Base,
			);
			mainGroup = EFAB22C31A820DFA00F20DB5;
			productRefGroup = EFAB22CD1A820DFA00F20DB5 /* Products */;
			projectDirPath = "";
			projectRoot = "";
			targets = (
				EFAB22CB1A820DFA00F20DB5 /* CatViewer */,
				EFAB22E31A820DFA00F20DB5 /* CatViewerTests */,
			);
		};
/* End PBXProject section */

/* Begin PBXResourcesBuildPhase section */
		EFAB22CA1A820DFA00F20DB5 /* Resources */ = {
			isa = PBXResourcesBuildPhase;
			buildActionMask = 2147483647;
			files = (
				EFAB22DA1A820DFA00F20DB5 /* Main.storyboard in Resources */,
				EFAB22DF1A820DFA00F20DB5 /* LaunchScreen.xib in Resources */,
				EFAB22DC1A820DFA00F20DB5 /* Images.xcassets in Resources */,
			);
			runOnlyForDeploymentPostprocessing = 0;
		};
		EFAB22E21A820DFA00F20DB5 /* Resources */ = {
			isa = PBXResourcesBuildPhase;
			buildActionMask = 2147483647;
			files = (
			);
			runOnlyForDeploymentPostprocessing = 0;
		};
/* End PBXResourcesBuildPhase section */

/* Begin PBXShellScriptBuildPhase section */
		2AF3559C9A82114B1894AD85 /* Check Pods Manifest.lock */ = {
			isa = PBXShellScriptBuildPhase;
			buildActionMask = 2147483647;
			files = (
			);
			inputPaths = (
			);
			name = "Check Pods Manifest.lock";
			outputPaths = (
			);
			runOnlyForDeploymentPostprocessing = 0;
			shellPath = /bin/sh;
			shellScript = "diff \"${PODS_ROOT}/../Podfile.lock\" \"${PODS_ROOT}/Manifest.lock\" > /dev/null\nif [[ $? != 0 ]] ; then\n    cat << EOM\nerror: The sandbox is not in sync with the Podfile.lock. Run 'pod install' or update your CocoaPods installation.\nEOM\n    exit 1\nfi\n";
			showEnvVarsInLog = 0;
		};
		66F6C3641D7F91690529C2DE /* Embed Pods Frameworks */ = {
			isa = PBXShellScriptBuildPhase;
			buildActionMask = 2147483647;
			files = (
			);
			inputPaths = (
			);
			name = "Embed Pods Frameworks";
			outputPaths = (
			);
			runOnlyForDeploymentPostprocessing = 0;
			shellPath = /bin/sh;
			shellScript = "\"${SRCROOT}/Pods/Target Support Files/Pods/Pods-frameworks.sh\"\n";
			showEnvVarsInLog = 0;
		};
		D2BD797DB494AA1588314B2C /* Copy Pods Resources */ = {
			isa = PBXShellScriptBuildPhase;
			buildActionMask = 2147483647;
			files = (
			);
			inputPaths = (
			);
			name = "Copy Pods Resources";
			outputPaths = (
			);
			runOnlyForDeploymentPostprocessing = 0;
			shellPath = /bin/sh;
			shellScript = "\"${SRCROOT}/Pods/Target Support Files/Pods/Pods-resources.sh\"\n";
			showEnvVarsInLog = 0;
		};
/* End PBXShellScriptBuildPhase section */

/* Begin PBXSourcesBuildPhase section */
		EFAB22C81A820DFA00F20DB5 /* Sources */ = {
			isa = PBXSourcesBuildPhase;
			buildActionMask = 2147483647;
			files = (
				A723A7061A8639AC00E992E8 /* Category+Extras.swift in Sources */,
				A7CC95671A84EE89001C764D /* CatModel.swift in Sources */,
				A7C84DFB1A854C690029FD7D /* CategoryModel.swift in Sources */,
				A7A266241A8677C4002EDABA /* BinaryData+Extras.swift in Sources */,
				EFAB22D51A820DFA00F20DB5 /* CatViewer.xcdatamodeld in Sources */,
				A7CC956A1A84F0E9001C764D /* CatParserDelegate.swift in Sources */,
				A77DC99F1A862BDB0041A760 /* NSManagedObjectContext+misc.m in Sources */,
				A7A266201A866A46002EDABA /* Favourite+Extras.swift in Sources */,
				EFAB22FE1A826A7B00F20DB5 /* Favourite.swift in Sources */,
				EFAB22F51A8260B600F20DB5 /* CatController.swift in Sources */,
				A7C84E011A8556D90029FD7D /* ifNotNil.swift in Sources */,
				A7CC956F1A85184C001C764D /* Stack.swift in Sources */,
				EFAB22D21A820DFA00F20DB5 /* AppDelegate.swift in Sources */,
				A7C84DFD1A854CCF0029FD7D /* CategoryParserDelegate.swift in Sources */,
				EFAB23001A826A7B00F20DB5 /* Cat.swift in Sources */,
				A7A266221A866E10002EDABA /* FavouriteController.swift in Sources */,
				A7A266261A867B9F002EDABA /* FavouriteCell.swift in Sources */,
				EFAB22FC1A826A7B00F20DB5 /* Rate.swift in Sources */,
				EFAB22F81A826A7A00F20DB5 /* Category.swift in Sources */,
				EFAB22FA1A826A7A00F20DB5 /* BinaryData.swift in Sources */,
				A7A2661E1A866771002EDABA /* Cat+Extras.swift in Sources */,
			);
			runOnlyForDeploymentPostprocessing = 0;
		};
		EFAB22E01A820DFA00F20DB5 /* Sources */ = {
			isa = PBXSourcesBuildPhase;
			buildActionMask = 2147483647;
			files = (
				EFAB23061A82780E00F20DB5 /* Alamofire.swift in Sources */,
				A7CC95701A851A22001C764D /* Stack.swift in Sources */,
				EFAB22EB1A820DFA00F20DB5 /* CatViewerTests.swift in Sources */,
				A7CC956D1A84FCF3001C764D /* CatModel.swift in Sources */,
				A7C84E021A85570E0029FD7D /* ifNotNil.swift in Sources */,
				A7C84DFF1A8553980029FD7D /* CategoryModel.swift in Sources */,
				A7CC956C1A84FCED001C764D /* CatParserDelegate.swift in Sources */,
				A77DC9A01A862BDB0041A760 /* NSManagedObjectContext+misc.m in Sources */,
				A7C84DFE1A8552280029FD7D /* CategoryParserDelegate.swift in Sources */,
			);
			runOnlyForDeploymentPostprocessing = 0;
		};
/* End PBXSourcesBuildPhase section */

/* Begin PBXTargetDependency section */
		EFAB22E61A820DFA00F20DB5 /* PBXTargetDependency */ = {
			isa = PBXTargetDependency;
			target = EFAB22CB1A820DFA00F20DB5 /* CatViewer */;
			targetProxy = EFAB22E51A820DFA00F20DB5 /* PBXContainerItemProxy */;
		};
/* End PBXTargetDependency section */

/* Begin PBXVariantGroup section */
		EFAB22D81A820DFA00F20DB5 /* Main.storyboard */ = {
			isa = PBXVariantGroup;
			children = (
				EFAB22D91A820DFA00F20DB5 /* Base */,
			);
			name = Main.storyboard;
			sourceTree = "<group>";
		};
		EFAB22DD1A820DFA00F20DB5 /* LaunchScreen.xib */ = {
			isa = PBXVariantGroup;
			children = (
				EFAB22DE1A820DFA00F20DB5 /* Base */,
			);
			name = LaunchScreen.xib;
			sourceTree = "<group>";
		};
/* End PBXVariantGroup section */

/* Begin XCBuildConfiguration section */
		EFAB22EC1A820DFA00F20DB5 /* Debug */ = {
			isa = XCBuildConfiguration;
			buildSettings = {
				ALWAYS_SEARCH_USER_PATHS = NO;
				CLANG_CXX_LANGUAGE_STANDARD = "gnu++0x";
				CLANG_CXX_LIBRARY = "libc++";
				CLANG_ENABLE_MODULES = YES;
				CLANG_ENABLE_OBJC_ARC = YES;
				CLANG_WARN_BOOL_CONVERSION = YES;
				CLANG_WARN_CONSTANT_CONVERSION = YES;
				CLANG_WARN_DIRECT_OBJC_ISA_USAGE = YES_ERROR;
				CLANG_WARN_EMPTY_BODY = YES;
				CLANG_WARN_ENUM_CONVERSION = YES;
				CLANG_WARN_INT_CONVERSION = YES;
				CLANG_WARN_OBJC_ROOT_CLASS = YES_ERROR;
				CLANG_WARN_UNREACHABLE_CODE = YES;
				CLANG_WARN__DUPLICATE_METHOD_MATCH = YES;
				"CODE_SIGN_IDENTITY[sdk=iphoneos*]" = "iPhone Developer";
				COPY_PHASE_STRIP = NO;
				ENABLE_STRICT_OBJC_MSGSEND = YES;
				GCC_C_LANGUAGE_STANDARD = gnu99;
				GCC_DYNAMIC_NO_PIC = NO;
				GCC_OPTIMIZATION_LEVEL = 0;
				GCC_PREPROCESSOR_DEFINITIONS = (
					"DEBUG=1",
					"$(inherited)",
				);
				GCC_SYMBOLS_PRIVATE_EXTERN = NO;
				GCC_WARN_64_TO_32_BIT_CONVERSION = YES;
				GCC_WARN_ABOUT_RETURN_TYPE = YES_ERROR;
				GCC_WARN_UNDECLARED_SELECTOR = YES;
				GCC_WARN_UNINITIALIZED_AUTOS = YES_AGGRESSIVE;
				GCC_WARN_UNUSED_FUNCTION = YES;
				GCC_WARN_UNUSED_VARIABLE = YES;
				IPHONEOS_DEPLOYMENT_TARGET = 8.1;
				MTL_ENABLE_DEBUG_INFO = YES;
				ONLY_ACTIVE_ARCH = YES;
				SDKROOT = iphoneos;
				SWIFT_OPTIMIZATION_LEVEL = "-Onone";
			};
			name = Debug;
		};
		EFAB22ED1A820DFA00F20DB5 /* Release */ = {
			isa = XCBuildConfiguration;
			buildSettings = {
				ALWAYS_SEARCH_USER_PATHS = NO;
				CLANG_CXX_LANGUAGE_STANDARD = "gnu++0x";
				CLANG_CXX_LIBRARY = "libc++";
				CLANG_ENABLE_MODULES = YES;
				CLANG_ENABLE_OBJC_ARC = YES;
				CLANG_WARN_BOOL_CONVERSION = YES;
				CLANG_WARN_CONSTANT_CONVERSION = YES;
				CLANG_WARN_DIRECT_OBJC_ISA_USAGE = YES_ERROR;
				CLANG_WARN_EMPTY_BODY = YES;
				CLANG_WARN_ENUM_CONVERSION = YES;
				CLANG_WARN_INT_CONVERSION = YES;
				CLANG_WARN_OBJC_ROOT_CLASS = YES_ERROR;
				CLANG_WARN_UNREACHABLE_CODE = YES;
				CLANG_WARN__DUPLICATE_METHOD_MATCH = YES;
				"CODE_SIGN_IDENTITY[sdk=iphoneos*]" = "iPhone Developer";
				COPY_PHASE_STRIP = YES;
				ENABLE_NS_ASSERTIONS = NO;
				ENABLE_STRICT_OBJC_MSGSEND = YES;
				GCC_C_LANGUAGE_STANDARD = gnu99;
				GCC_WARN_64_TO_32_BIT_CONVERSION = YES;
				GCC_WARN_ABOUT_RETURN_TYPE = YES_ERROR;
				GCC_WARN_UNDECLARED_SELECTOR = YES;
				GCC_WARN_UNINITIALIZED_AUTOS = YES_AGGRESSIVE;
				GCC_WARN_UNUSED_FUNCTION = YES;
				GCC_WARN_UNUSED_VARIABLE = YES;
				IPHONEOS_DEPLOYMENT_TARGET = 8.1;
				MTL_ENABLE_DEBUG_INFO = NO;
				SDKROOT = iphoneos;
				VALIDATE_PRODUCT = YES;
			};
			name = Release;
		};
		EFAB22EF1A820DFA00F20DB5 /* Debug */ = {
			isa = XCBuildConfiguration;
			baseConfigurationReference = C805AD623966189A50ED764D /* Pods.debug.xcconfig */;
			buildSettings = {
				ASSETCATALOG_COMPILER_APPICON_NAME = AppIcon;
				INFOPLIST_FILE = CatViewer/Info.plist;
				LD_RUNPATH_SEARCH_PATHS = "$(inherited) @executable_path/Frameworks";
				PRODUCT_NAME = "$(TARGET_NAME)";
				SWIFT_OBJC_BRIDGING_HEADER = "$(SRCROOT)/CatViewer/CatViewer-Bridging-Header.h";
			};
			name = Debug;
		};
		EFAB22F01A820DFA00F20DB5 /* Release */ = {
			isa = XCBuildConfiguration;
			baseConfigurationReference = E361D17F7BC0F75AEC1B2252 /* Pods.release.xcconfig */;
			buildSettings = {
				ASSETCATALOG_COMPILER_APPICON_NAME = AppIcon;
				INFOPLIST_FILE = CatViewer/Info.plist;
				LD_RUNPATH_SEARCH_PATHS = "$(inherited) @executable_path/Frameworks";
				PRODUCT_NAME = "$(TARGET_NAME)";
				SWIFT_OBJC_BRIDGING_HEADER = "$(SRCROOT)/CatViewer/CatViewer-Bridging-Header.h";
			};
			name = Release;
		};
		EFAB22F21A820DFA00F20DB5 /* Debug */ = {
			isa = XCBuildConfiguration;
			buildSettings = {
				BUNDLE_LOADER = "$(TEST_HOST)";
				FRAMEWORK_SEARCH_PATHS = (
					"$(SDKROOT)/Developer/Library/Frameworks",
					"$(inherited)",
					"$(PROJECT_DIR)/Pods/build/Debug-iphoneos",
					"$(PROJECT_DIR)/Pods/build/Debug-iphoneos/Pods",
				);
				GCC_PREPROCESSOR_DEFINITIONS = (
					"DEBUG=1",
					"$(inherited)",
				);
				INFOPLIST_FILE = CatViewerTests/Info.plist;
				LD_RUNPATH_SEARCH_PATHS = "$(inherited) @executable_path/Frameworks @loader_path/Frameworks";
				PRODUCT_NAME = "$(TARGET_NAME)";
				TEST_HOST = "$(BUILT_PRODUCTS_DIR)/CatViewer.app/CatViewer";
			};
			name = Debug;
		};
		EFAB22F31A820DFA00F20DB5 /* Release */ = {
			isa = XCBuildConfiguration;
			buildSettings = {
				BUNDLE_LOADER = "$(TEST_HOST)";
				FRAMEWORK_SEARCH_PATHS = (
					"$(SDKROOT)/Developer/Library/Frameworks",
					"$(inherited)",
					"$(PROJECT_DIR)/Pods/build/Debug-iphoneos",
					"$(PROJECT_DIR)/Pods/build/Debug-iphoneos/Pods",
				);
				INFOPLIST_FILE = CatViewerTests/Info.plist;
				LD_RUNPATH_SEARCH_PATHS = "$(inherited) @executable_path/Frameworks @loader_path/Frameworks";
				PRODUCT_NAME = "$(TARGET_NAME)";
				TEST_HOST = "$(BUILT_PRODUCTS_DIR)/CatViewer.app/CatViewer";
			};
			name = Release;
		};
/* End XCBuildConfiguration section */

/* Begin XCConfigurationList section */
		EFAB22C71A820DFA00F20DB5 /* Build configuration list for PBXProject "CatViewer" */ = {
			isa = XCConfigurationList;
			buildConfigurations = (
				EFAB22EC1A820DFA00F20DB5 /* Debug */,
				EFAB22ED1A820DFA00F20DB5 /* Release */,
			);
			defaultConfigurationIsVisible = 0;
			defaultConfigurationName = Release;
		};
		EFAB22EE1A820DFA00F20DB5 /* Build configuration list for PBXNativeTarget "CatViewer" */ = {
			isa = XCConfigurationList;
			buildConfigurations = (
				EFAB22EF1A820DFA00F20DB5 /* Debug */,
				EFAB22F01A820DFA00F20DB5 /* Release */,
			);
			defaultConfigurationIsVisible = 0;
			defaultConfigurationName = Release;
		};
		EFAB22F11A820DFA00F20DB5 /* Build configuration list for PBXNativeTarget "CatViewerTests" */ = {
			isa = XCConfigurationList;
			buildConfigurations = (
				EFAB22F21A820DFA00F20DB5 /* Debug */,
				EFAB22F31A820DFA00F20DB5 /* Release */,
			);
			defaultConfigurationIsVisible = 0;
			defaultConfigurationName = Release;
		};
/* End XCConfigurationList section */

/* Begin XCVersionGroup section */
		EFAB22D31A820DFA00F20DB5 /* CatViewer.xcdatamodeld */ = {
			isa = XCVersionGroup;
			children = (
				EFAB22D41A820DFA00F20DB5 /* CatViewer.xcdatamodel */,
			);
			currentVersion = EFAB22D41A820DFA00F20DB5 /* CatViewer.xcdatamodel */;
			path = CatViewer.xcdatamodeld;
			sourceTree = "<group>";
			versionGroupType = wrapper.xcdatamodel;
		};
/* End XCVersionGroup section */
	};
	rootObject = EFAB22C41A820DFA00F20DB5 /* Project object */;
}
